
Microsoft Visual Studio Solution File, Format Version 12.00
# Visual Studio Version 17
VisualStudioVersion = 17.8.34309.116
MinimumVisualStudioVersion = 10.0.40219.1
Project("{FAE04EC0-301F-11D3-BF4B-00C04F79EFBC}") = "DogDreams", "DogDreams\DogDreams.csproj", "{9D84BB73-9778-46AC-86AE-0D16C574DFD2}"
EndProject
Global
	GlobalSection(SolutionConfigurationPlatforms) = preSolution
		Debug|Any CPU = Debug|Any CPU
		Release|Any CPU = Release|Any CPU
	EndGlobalSection
	GlobalSection(ProjectConfigurationPlatforms) = postSolution
		{9D84BB73-9778-46AC-86AE-0D16C574DFD2}.Debug|Any CPU.ActiveCfg = Debug|Any CPU
		{9D84BB73-9778-46AC-86AE-0D16C574DFD2}.Debug|Any CPU.Build.0 = Debug|Any CPU
		{9D84BB73-9778-46AC-86AE-0D16C574DFD2}.Release|Any CPU.ActiveCfg = Release|Any CPU
		{9D84BB73-9778-46AC-86AE-0D16C574DFD2}.Release|Any CPU.Build.0 = Release|Any CPU
	EndGlobalSection
	GlobalSection(SolutionProperties) = preSolution
		HideSolutionNode = FALSE
	EndGlobalSection
	GlobalSection(ExtensibilityGlobals) = postSolution
		SolutionGuid = {D108E74E-C47B-4A67-9040-F1D55DDB455E}
	EndGlobalSection
EndGlobal
